
Microsoft Visual Studio Solution File, Format Version 12.00
# Visual Studio Version 17
VisualStudioVersion = 17.2.32526.322
MinimumVisualStudioVersion = 10.0.40219.1
Project("{FAE04EC0-301F-11D3-BF4B-00C04F79EFBC}") = "choehun_av_collecting", "choehun_av_collecting\choehun_av_collecting.csproj", "{A810E5BD-6856-454B-A8A1-7C0AF5C66808}"
EndProject
Global
	GlobalSection(SolutionConfigurationPlatforms) = preSolution
		Debug|Any CPU = Debug|Any CPU
		Release|Any CPU = Release|Any CPU
	EndGlobalSection
	GlobalSection(ProjectConfigurationPlatforms) = postSolution
		{A810E5BD-6856-454B-A8A1-7C0AF5C66808}.Debug|Any CPU.ActiveCfg = Debug|Any CPU
		{A810E5BD-6856-454B-A8A1-7C0AF5C66808}.Debug|Any CPU.Build.0 = Debug|Any CPU
		{A810E5BD-6856-454B-A8A1-7C0AF5C66808}.Release|Any CPU.ActiveCfg = Release|Any CPU
		{A810E5BD-6856-454B-A8A1-7C0AF5C66808}.Release|Any CPU.Build.0 = Release|Any CPU
	EndGlobalSection
	GlobalSection(SolutionProperties) = preSolution
		HideSolutionNode = FALSE
	EndGlobalSection
	GlobalSection(ExtensibilityGlobals) = postSolution
		SolutionGuid = {FF91BEEA-AD7B-45B8-9148-D1FDB2202357}
	EndGlobalSection
EndGlobal
